
Microsoft Visual Studio Solution File, Format Version 12.00
# Visual Studio 15
Project("{FAE04EC0-301F-11D3-BF4B-00C04F79EFBC}") = "LocalNotificationsSample", "LocalNotificationsSample\LocalNotificationsSample.csproj", "{9A7BCF75-7A9B-41F3-96FE-E5E411C21805}"
EndProject
Project("{FAE04EC0-301F-11D3-BF4B-00C04F79EFBC}") = "LocalNotificationsSample.Android", "LocalNotificationsSample.Android\LocalNotificationsSample.Android.csproj", "{A3217FF1-EA17-4719-B401-B02C267CD2C4}"
EndProject
Project("{FAE04EC0-301F-11D3-BF4B-00C04F79EFBC}") = "LocalNotificationsSample.iOS", "LocalNotificationsSample.iOS\LocalNotificationsSample.iOS.csproj", "{84EE3453-13A8-4C2E-B82B-E00346095539}"
EndProject
Global
	GlobalSection(SolutionConfigurationPlatforms) = preSolution
		Debug|Any CPU = Debug|Any CPU
		Release|Any CPU = Release|Any CPU
		Debug|iPhoneSimulator = Debug|iPhoneSimulator
		Release|iPhoneSimulator = Release|iPhoneSimulator
		Debug|iPhone = Debug|iPhone
		Release|iPhone = Release|iPhone
	EndGlobalSection
	GlobalSection(ProjectConfigurationPlatforms) = postSolution
		{9A7BCF75-7A9B-41F3-96FE-E5E411C21805}.Debug|Any CPU.ActiveCfg = Debug|Any CPU
		{9A7BCF75-7A9B-41F3-96FE-E5E411C21805}.Debug|Any CPU.Build.0 = Debug|Any CPU
		{9A7BCF75-7A9B-41F3-96FE-E5E411C21805}.Release|Any CPU.ActiveCfg = Release|Any CPU
		{9A7BCF75-7A9B-41F3-96FE-E5E411C21805}.Release|Any CPU.Build.0 = Release|Any CPU
		{9A7BCF75-7A9B-41F3-96FE-E5E411C21805}.Debug|iPhoneSimulator.ActiveCfg = Debug|Any CPU
		{9A7BCF75-7A9B-41F3-96FE-E5E411C21805}.Debug|iPhoneSimulator.Build.0 = Debug|Any CPU
		{9A7BCF75-7A9B-41F3-96FE-E5E411C21805}.Release|iPhoneSimulator.ActiveCfg = Release|Any CPU
		{9A7BCF75-7A9B-41F3-96FE-E5E411C21805}.Release|iPhoneSimulator.Build.0 = Release|Any CPU
		{9A7BCF75-7A9B-41F3-96FE-E5E411C21805}.Debug|iPhone.ActiveCfg = Debug|Any CPU
		{9A7BCF75-7A9B-41F3-96FE-E5E411C21805}.Debug|iPhone.Build.0 = Debug|Any CPU
		{9A7BCF75-7A9B-41F3-96FE-E5E411C21805}.Release|iPhone.ActiveCfg = Release|Any CPU
		{9A7BCF75-7A9B-41F3-96FE-E5E411C21805}.Release|iPhone.Build.0 = Release|Any CPU
		{A3217FF1-EA17-4719-B401-B02C267CD2C4}.Debug|Any CPU.ActiveCfg = Debug|Any CPU
		{A3217FF1-EA17-4719-B401-B02C267CD2C4}.Debug|Any CPU.Build.0 = Debug|Any CPU
		{A3217FF1-EA17-4719-B401-B02C267CD2C4}.Release|Any CPU.ActiveCfg = Release|Any CPU
		{A3217FF1-EA17-4719-B401-B02C267CD2C4}.Release|Any CPU.Build.0 = Release|Any CPU
		{A3217FF1-EA17-4719-B401-B02C267CD2C4}.Debug|iPhoneSimulator.ActiveCfg = Debug|Any CPU
		{A3217FF1-EA17-4719-B401-B02C267CD2C4}.Debug|iPhoneSimulator.Build.0 = Debug|Any CPU
		{A3217FF1-EA17-4719-B401-B02C267CD2C4}.Release|iPhoneSimulator.ActiveCfg = Release|Any CPU
		{A3217FF1-EA17-4719-B401-B02C267CD2C4}.Release|iPhoneSimulator.Build.0 = Release|Any CPU
		{A3217FF1-EA17-4719-B401-B02C267CD2C4}.Debug|iPhone.ActiveCfg = Debug|Any CPU
		{A3217FF1-EA17-4719-B401-B02C267CD2C4}.Debug|iPhone.Build.0 = Debug|Any CPU
		{A3217FF1-EA17-4719-B401-B02C267CD2C4}.Release|iPhone.ActiveCfg = Release|Any CPU
		{A3217FF1-EA17-4719-B401-B02C267CD2C4}.Release|iPhone.Build.0 = Release|Any CPU
		{84EE3453-13A8-4C2E-B82B-E00346095539}.Debug|Any CPU.ActiveCfg = Debug|iPhoneSimulator
		{84EE3453-13A8-4C2E-B82B-E00346095539}.Debug|Any CPU.Build.0 = Debug|iPhoneSimulator
		{84EE3453-13A8-4C2E-B82B-E00346095539}.Release|Any CPU.ActiveCfg = Release|iPhoneSimulator
		{84EE3453-13A8-4C2E-B82B-E00346095539}.Release|Any CPU.Build.0 = Release|iPhoneSimulator
		{84EE3453-13A8-4C2E-B82B-E00346095539}.Debug|iPhoneSimulator.ActiveCfg = Debug|iPhoneSimulator
		{84EE3453-13A8-4C2E-B82B-E00346095539}.Debug|iPhoneSimulator.Build.0 = Debug|iPhoneSimulator
		{84EE3453-13A8-4C2E-B82B-E00346095539}.Release|iPhoneSimulator.ActiveCfg = Release|iPhoneSimulator
		{84EE3453-13A8-4C2E-B82B-E00346095539}.Release|iPhoneSimulator.Build.0 = Release|iPhoneSimulator
		{84EE3453-13A8-4C2E-B82B-E00346095539}.Debug|iPhone.ActiveCfg = Debug|iPhone
		{84EE3453-13A8-4C2E-B82B-E00346095539}.Debug|iPhone.Build.0 = Debug|iPhone
		{84EE3453-13A8-4C2E-B82B-E00346095539}.Release|iPhone.ActiveCfg = Release|iPhone
		{84EE3453-13A8-4C2E-B82B-E00346095539}.Release|iPhone.Build.0 = Release|iPhone
	EndGlobalSection
EndGlobal
